
Microsoft Visual Studio Solution File, Format Version 12.00
# Visual Studio Version 16
VisualStudioVersion = 25.0.1706.12
MinimumVisualStudioVersion = 10.0.40219.1
Project("{FAE04EC0-301F-11D3-BF4B-00C04F79EFBC}") = "Variables", "Variables\Variables.csproj", "{988F107E-D678-4938-8BBA-A4C3B1015C31}"
EndProject
Project("{FAE04EC0-301F-11D3-BF4B-00C04F79EFBC}") = "TipoDeDatos", "TipoDeDatos\TipoDeDatos.csproj", "{7AF2A190-FA1F-4A95-A895-61C8293F0042}"
EndProject
Project("{FAE04EC0-301F-11D3-BF4B-00C04F79EFBC}") = "Funciones", "Funciones\Funciones.csproj", "{AFDE2492-5506-4D59-9ED2-5A73933A0545}"
EndProject
Project("{FAE04EC0-301F-11D3-BF4B-00C04F79EFBC}") = "SentenciasIfElseIf", "SentenciasIfElseIf\SentenciasIfElseIf.csproj", "{C9502B8A-A14A-4FB7-8D28-644F89182403}"
EndProject
Project("{FAE04EC0-301F-11D3-BF4B-00C04F79EFBC}") = "SwitchCase", "SwitchCase\SwitchCase.csproj", "{D5F13DA4-71AA-4308-A2DD-8FEC4055310A}"
EndProject
Project("{FAE04EC0-301F-11D3-BF4B-00C04F79EFBC}") = "Arreglos", "Arreglos\Arreglos.csproj", "{13C349DA-3C85-4904-AA7E-D5074DCD8241}"
EndProject
Project("{FAE04EC0-301F-11D3-BF4B-00C04F79EFBC}") = "While", "While\While.csproj", "{5D8B6EFC-9D5C-48D5-9115-E5C78CD032D5}"
EndProject
Project("{FAE04EC0-301F-11D3-BF4B-00C04F79EFBC}") = "For", "For\For.csproj", "{D21F8FFF-60CE-4EE0-BB71-689205236C45}"
EndProject
Project("{FAE04EC0-301F-11D3-BF4B-00C04F79EFBC}") = "ClasesYObjetos", "ClasesYObjetos\ClasesYObjetos.csproj", "{8749507D-C96F-4E28-AE56-2EE81AE4BB25}"
EndProject
Project("{FAE04EC0-301F-11D3-BF4B-00C04F79EFBC}") = "Propiedades", "Propiedades\Propiedades.csproj", "{62A9C917-03B7-4747-BD34-118A74D1A286}"
EndProject
Project("{FAE04EC0-301F-11D3-BF4B-00C04F79EFBC}") = "Herencia", "Herencia\Herencia.csproj", "{67578B07-8E0A-403D-B92D-4293FCB92B42}"
EndProject
Project("{FAE04EC0-301F-11D3-BF4B-00C04F79EFBC}") = "Sobrecarga", "Sobrecarga\Sobrecarga.csproj", "{78824FA2-770C-42B1-B8D7-1215E390EAFE}"
EndProject
Project("{FAE04EC0-301F-11D3-BF4B-00C04F79EFBC}") = "Sobreescritura", "Sobreescritura\Sobreescritura.csproj", "{D8A2FF59-F5ED-4485-A1ED-20A9C5D647C6}"
EndProject
Project("{FAE04EC0-301F-11D3-BF4B-00C04F79EFBC}") = "Static", "Static\Static.csproj", "{385E91A1-1B40-4221-95C7-6FCD11F7F2EC}"
EndProject
Project("{FAE04EC0-301F-11D3-BF4B-00C04F79EFBC}") = "Interface", "Interface\Interface.csproj", "{C61E76BA-0946-423B-B516-2E2F871CB90C}"
EndProject
Project("{FAE04EC0-301F-11D3-BF4B-00C04F79EFBC}") = "Generic", "Generic\Generic.csproj", "{426FEE3F-9AEC-4395-A92C-7A1EDF6BB2D5}"
EndProject
Project("{FAE04EC0-301F-11D3-BF4B-00C04F79EFBC}") = "Json", "Json\Json.csproj", "{6538E57D-6825-46AB-849E-9753C5E1A0CA}"
EndProject
Project("{FAE04EC0-301F-11D3-BF4B-00C04F79EFBC}") = "List", "List\List.csproj", "{49C2E94B-68C9-4846-91DA-8FCFFD691F36}"
EndProject
Project("{FAE04EC0-301F-11D3-BF4B-00C04F79EFBC}") = "ForEach", "ForEach\ForEach.csproj", "{9E7EF0D8-5100-4CAB-8DC3-871FC47FF1F3}"
EndProject
Project("{FAE04EC0-301F-11D3-BF4B-00C04F79EFBC}") = "ListCommonMethods", "ListCommonMethods\ListCommonMethods.csproj", "{71C40831-35CB-46ED-B0A2-6306CFC62B18}"
EndProject
Project("{FAE04EC0-301F-11D3-BF4B-00C04F79EFBC}") = "TipoAnonimos", "TipoAnonimos\TipoAnonimos.csproj", "{390FA94E-FF02-474B-847E-FCB8509F2E5E}"
EndProject
Project("{FAE04EC0-301F-11D3-BF4B-00C04F79EFBC}") = "Tuplas", "Tuplas\Tuplas.csproj", "{3FA5C43A-2DE7-479D-8108-A2DF79FA6009}"
EndProject
Project("{FAE04EC0-301F-11D3-BF4B-00C04F79EFBC}") = "Excepciones", "Excepciones\Excepciones.csproj", "{7E3E9613-3B42-4E77-9CA3-B7E89F785FDF}"
EndProject
Project("{FAE04EC0-301F-11D3-BF4B-00C04F79EFBC}") = "ExcepcionesPersonalizadas", "ExcepcionesPersonalizadas\ExcepcionesPersonalizadas.csproj", "{D2F693E9-1DDE-4604-96CB-0429CBFC11DB}"
EndProject
Project("{FAE04EC0-301F-11D3-BF4B-00C04F79EFBC}") = "LINQ", "LINQ\LINQ.csproj", "{2AAFDFBA-9AA0-4AFF-8377-C17999F90378}"
EndProject
Project("{FAE04EC0-301F-11D3-BF4B-00C04F79EFBC}") = "LINQ_JOIN", "LINQ_JOIN\LINQ_JOIN.csproj", "{A189810C-BD5D-491D-AD6B-636D4CE4A16C}"
EndProject
Project("{FAE04EC0-301F-11D3-BF4B-00C04F79EFBC}") = "BaseDeDatos", "BaseDeDatos\BaseDeDatos.csproj", "{93AF3BC3-46BC-4E30-B97E-14FF6C063920}"
EndProject
Project("{FAE04EC0-301F-11D3-BF4B-00C04F79EFBC}") = "BD", "BD\BD.csproj", "{64F828ED-F347-479B-9BD7-C426A8C1DB10}"
EndProject
Project("{FAE04EC0-301F-11D3-BF4B-00C04F79EFBC}") = "EntityFrameworkSystem", "EntityFrameworkSystem\EntityFrameworkSystem.csproj", "{21F7F362-FF57-499C-A712-606AD7AA0CA7}"
EndProject
Global
	GlobalSection(SolutionConfigurationPlatforms) = preSolution
		Debug|Any CPU = Debug|Any CPU
		Release|Any CPU = Release|Any CPU
	EndGlobalSection
	GlobalSection(ProjectConfigurationPlatforms) = postSolution
		{988F107E-D678-4938-8BBA-A4C3B1015C31}.Debug|Any CPU.ActiveCfg = Debug|Any CPU
		{988F107E-D678-4938-8BBA-A4C3B1015C31}.Debug|Any CPU.Build.0 = Debug|Any CPU
		{988F107E-D678-4938-8BBA-A4C3B1015C31}.Release|Any CPU.ActiveCfg = Release|Any CPU
		{988F107E-D678-4938-8BBA-A4C3B1015C31}.Release|Any CPU.Build.0 = Release|Any CPU
		{7AF2A190-FA1F-4A95-A895-61C8293F0042}.Debug|Any CPU.ActiveCfg = Debug|Any CPU
		{7AF2A190-FA1F-4A95-A895-61C8293F0042}.Debug|Any CPU.Build.0 = Debug|Any CPU
		{7AF2A190-FA1F-4A95-A895-61C8293F0042}.Release|Any CPU.ActiveCfg = Release|Any CPU
		{7AF2A190-FA1F-4A95-A895-61C8293F0042}.Release|Any CPU.Build.0 = Release|Any CPU
		{AFDE2492-5506-4D59-9ED2-5A73933A0545}.Debug|Any CPU.ActiveCfg = Debug|Any CPU
		{AFDE2492-5506-4D59-9ED2-5A73933A0545}.Debug|Any CPU.Build.0 = Debug|Any CPU
		{AFDE2492-5506-4D59-9ED2-5A73933A0545}.Release|Any CPU.ActiveCfg = Release|Any CPU
		{AFDE2492-5506-4D59-9ED2-5A73933A0545}.Release|Any CPU.Build.0 = Release|Any CPU
		{C9502B8A-A14A-4FB7-8D28-644F89182403}.Debug|Any CPU.ActiveCfg = Debug|Any CPU
		{C9502B8A-A14A-4FB7-8D28-644F89182403}.Debug|Any CPU.Build.0 = Debug|Any CPU
		{C9502B8A-A14A-4FB7-8D28-644F89182403}.Release|Any CPU.ActiveCfg = Release|Any CPU
		{C9502B8A-A14A-4FB7-8D28-644F89182403}.Release|Any CPU.Build.0 = Release|Any CPU
		{D5F13DA4-71AA-4308-A2DD-8FEC4055310A}.Debug|Any CPU.ActiveCfg = Debug|Any CPU
		{D5F13DA4-71AA-4308-A2DD-8FEC4055310A}.Debug|Any CPU.Build.0 = Debug|Any CPU
		{D5F13DA4-71AA-4308-A2DD-8FEC4055310A}.Release|Any CPU.ActiveCfg = Release|Any CPU
		{D5F13DA4-71AA-4308-A2DD-8FEC4055310A}.Release|Any CPU.Build.0 = Release|Any CPU
		{13C349DA-3C85-4904-AA7E-D5074DCD8241}.Debug|Any CPU.ActiveCfg = Debug|Any CPU
		{13C349DA-3C85-4904-AA7E-D5074DCD8241}.Debug|Any CPU.Build.0 = Debug|Any CPU
		{13C349DA-3C85-4904-AA7E-D5074DCD8241}.Release|Any CPU.ActiveCfg = Release|Any CPU
		{13C349DA-3C85-4904-AA7E-D5074DCD8241}.Release|Any CPU.Build.0 = Release|Any CPU
		{5D8B6EFC-9D5C-48D5-9115-E5C78CD032D5}.Debug|Any CPU.ActiveCfg = Debug|Any CPU
		{5D8B6EFC-9D5C-48D5-9115-E5C78CD032D5}.Debug|Any CPU.Build.0 = Debug|Any CPU
		{5D8B6EFC-9D5C-48D5-9115-E5C78CD032D5}.Release|Any CPU.ActiveCfg = Release|Any CPU
		{5D8B6EFC-9D5C-48D5-9115-E5C78CD032D5}.Release|Any CPU.Build.0 = Release|Any CPU
		{D21F8FFF-60CE-4EE0-BB71-689205236C45}.Debug|Any CPU.ActiveCfg = Debug|Any CPU
		{D21F8FFF-60CE-4EE0-BB71-689205236C45}.Debug|Any CPU.Build.0 = Debug|Any CPU
		{D21F8FFF-60CE-4EE0-BB71-689205236C45}.Release|Any CPU.ActiveCfg = Release|Any CPU
		{D21F8FFF-60CE-4EE0-BB71-689205236C45}.Release|Any CPU.Build.0 = Release|Any CPU
		{8749507D-C96F-4E28-AE56-2EE81AE4BB25}.Debug|Any CPU.ActiveCfg = Debug|Any CPU
		{8749507D-C96F-4E28-AE56-2EE81AE4BB25}.Debug|Any CPU.Build.0 = Debug|Any CPU
		{8749507D-C96F-4E28-AE56-2EE81AE4BB25}.Release|Any CPU.ActiveCfg = Release|Any CPU
		{8749507D-C96F-4E28-AE56-2EE81AE4BB25}.Release|Any CPU.Build.0 = Release|Any CPU
		{62A9C917-03B7-4747-BD34-118A74D1A286}.Debug|Any CPU.ActiveCfg = Debug|Any CPU
		{62A9C917-03B7-4747-BD34-118A74D1A286}.Debug|Any CPU.Build.0 = Debug|Any CPU
		{62A9C917-03B7-4747-BD34-118A74D1A286}.Release|Any CPU.ActiveCfg = Release|Any CPU
		{62A9C917-03B7-4747-BD34-118A74D1A286}.Release|Any CPU.Build.0 = Release|Any CPU
		{67578B07-8E0A-403D-B92D-4293FCB92B42}.Debug|Any CPU.ActiveCfg = Debug|Any CPU
		{67578B07-8E0A-403D-B92D-4293FCB92B42}.Debug|Any CPU.Build.0 = Debug|Any CPU
		{67578B07-8E0A-403D-B92D-4293FCB92B42}.Release|Any CPU.ActiveCfg = Release|Any CPU
		{67578B07-8E0A-403D-B92D-4293FCB92B42}.Release|Any CPU.Build.0 = Release|Any CPU
		{78824FA2-770C-42B1-B8D7-1215E390EAFE}.Debug|Any CPU.ActiveCfg = Debug|Any CPU
		{78824FA2-770C-42B1-B8D7-1215E390EAFE}.Debug|Any CPU.Build.0 = Debug|Any CPU
		{78824FA2-770C-42B1-B8D7-1215E390EAFE}.Release|Any CPU.ActiveCfg = Release|Any CPU
		{78824FA2-770C-42B1-B8D7-1215E390EAFE}.Release|Any CPU.Build.0 = Release|Any CPU
		{D8A2FF59-F5ED-4485-A1ED-20A9C5D647C6}.Debug|Any CPU.ActiveCfg = Debug|Any CPU
		{D8A2FF59-F5ED-4485-A1ED-20A9C5D647C6}.Debug|Any CPU.Build.0 = Debug|Any CPU
		{D8A2FF59-F5ED-4485-A1ED-20A9C5D647C6}.Release|Any CPU.ActiveCfg = Release|Any CPU
		{D8A2FF59-F5ED-4485-A1ED-20A9C5D647C6}.Release|Any CPU.Build.0 = Release|Any CPU
		{385E91A1-1B40-4221-95C7-6FCD11F7F2EC}.Debug|Any CPU.ActiveCfg = Debug|Any CPU
		{385E91A1-1B40-4221-95C7-6FCD11F7F2EC}.Debug|Any CPU.Build.0 = Debug|Any CPU
		{385E91A1-1B40-4221-95C7-6FCD11F7F2EC}.Release|Any CPU.ActiveCfg = Release|Any CPU
		{385E91A1-1B40-4221-95C7-6FCD11F7F2EC}.Release|Any CPU.Build.0 = Release|Any CPU
		{C61E76BA-0946-423B-B516-2E2F871CB90C}.Debug|Any CPU.ActiveCfg = Debug|Any CPU
		{C61E76BA-0946-423B-B516-2E2F871CB90C}.Debug|Any CPU.Build.0 = Debug|Any CPU
		{C61E76BA-0946-423B-B516-2E2F871CB90C}.Release|Any CPU.ActiveCfg = Release|Any CPU
		{C61E76BA-0946-423B-B516-2E2F871CB90C}.Release|Any CPU.Build.0 = Release|Any CPU
		{426FEE3F-9AEC-4395-A92C-7A1EDF6BB2D5}.Debug|Any CPU.ActiveCfg = Debug|Any CPU
		{426FEE3F-9AEC-4395-A92C-7A1EDF6BB2D5}.Debug|Any CPU.Build.0 = Debug|Any CPU
		{426FEE3F-9AEC-4395-A92C-7A1EDF6BB2D5}.Release|Any CPU.ActiveCfg = Release|Any CPU
		{426FEE3F-9AEC-4395-A92C-7A1EDF6BB2D5}.Release|Any CPU.Build.0 = Release|Any CPU
		{6538E57D-6825-46AB-849E-9753C5E1A0CA}.Debug|Any CPU.ActiveCfg = Debug|Any CPU
		{6538E57D-6825-46AB-849E-9753C5E1A0CA}.Debug|Any CPU.Build.0 = Debug|Any CPU
		{6538E57D-6825-46AB-849E-9753C5E1A0CA}.Release|Any CPU.ActiveCfg = Release|Any CPU
		{6538E57D-6825-46AB-849E-9753C5E1A0CA}.Release|Any CPU.Build.0 = Release|Any CPU
		{49C2E94B-68C9-4846-91DA-8FCFFD691F36}.Debug|Any CPU.ActiveCfg = Debug|Any CPU
		{49C2E94B-68C9-4846-91DA-8FCFFD691F36}.Debug|Any CPU.Build.0 = Debug|Any CPU
		{49C2E94B-68C9-4846-91DA-8FCFFD691F36}.Release|Any CPU.ActiveCfg = Release|Any CPU
		{49C2E94B-68C9-4846-91DA-8FCFFD691F36}.Release|Any CPU.Build.0 = Release|Any CPU
		{9E7EF0D8-5100-4CAB-8DC3-871FC47FF1F3}.Debug|Any CPU.ActiveCfg = Debug|Any CPU
		{9E7EF0D8-5100-4CAB-8DC3-871FC47FF1F3}.Debug|Any CPU.Build.0 = Debug|Any CPU
		{9E7EF0D8-5100-4CAB-8DC3-871FC47FF1F3}.Release|Any CPU.ActiveCfg = Release|Any CPU
		{9E7EF0D8-5100-4CAB-8DC3-871FC47FF1F3}.Release|Any CPU.Build.0 = Release|Any CPU
		{71C40831-35CB-46ED-B0A2-6306CFC62B18}.Debug|Any CPU.ActiveCfg = Debug|Any CPU
		{71C40831-35CB-46ED-B0A2-6306CFC62B18}.Debug|Any CPU.Build.0 = Debug|Any CPU
		{71C40831-35CB-46ED-B0A2-6306CFC62B18}.Release|Any CPU.ActiveCfg = Release|Any CPU
		{71C40831-35CB-46ED-B0A2-6306CFC62B18}.Release|Any CPU.Build.0 = Release|Any CPU
		{390FA94E-FF02-474B-847E-FCB8509F2E5E}.Debug|Any CPU.ActiveCfg = Debug|Any CPU
		{390FA94E-FF02-474B-847E-FCB8509F2E5E}.Debug|Any CPU.Build.0 = Debug|Any CPU
		{390FA94E-FF02-474B-847E-FCB8509F2E5E}.Release|Any CPU.ActiveCfg = Release|Any CPU
		{390FA94E-FF02-474B-847E-FCB8509F2E5E}.Release|Any CPU.Build.0 = Release|Any CPU
		{3FA5C43A-2DE7-479D-8108-A2DF79FA6009}.Debug|Any CPU.ActiveCfg = Debug|Any CPU
		{3FA5C43A-2DE7-479D-8108-A2DF79FA6009}.Debug|Any CPU.Build.0 = Debug|Any CPU
		{3FA5C43A-2DE7-479D-8108-A2DF79FA6009}.Release|Any CPU.ActiveCfg = Release|Any CPU
		{3FA5C43A-2DE7-479D-8108-A2DF79FA6009}.Release|Any CPU.Build.0 = Release|Any CPU
		{7E3E9613-3B42-4E77-9CA3-B7E89F785FDF}.Debug|Any CPU.ActiveCfg = Debug|Any CPU
		{7E3E9613-3B42-4E77-9CA3-B7E89F785FDF}.Debug|Any CPU.Build.0 = Debug|Any CPU
		{7E3E9613-3B42-4E77-9CA3-B7E89F785FDF}.Release|Any CPU.ActiveCfg = Release|Any CPU
		{7E3E9613-3B42-4E77-9CA3-B7E89F785FDF}.Release|Any CPU.Build.0 = Release|Any CPU
		{D2F693E9-1DDE-4604-96CB-0429CBFC11DB}.Debug|Any CPU.ActiveCfg = Debug|Any CPU
		{D2F693E9-1DDE-4604-96CB-0429CBFC11DB}.Debug|Any CPU.Build.0 = Debug|Any CPU
		{D2F693E9-1DDE-4604-96CB-0429CBFC11DB}.Release|Any CPU.ActiveCfg = Release|Any CPU
		{D2F693E9-1DDE-4604-96CB-0429CBFC11DB}.Release|Any CPU.Build.0 = Release|Any CPU
		{2AAFDFBA-9AA0-4AFF-8377-C17999F90378}.Debug|Any CPU.ActiveCfg = Debug|Any CPU
		{2AAFDFBA-9AA0-4AFF-8377-C17999F90378}.Debug|Any CPU.Build.0 = Debug|Any CPU
		{2AAFDFBA-9AA0-4AFF-8377-C17999F90378}.Release|Any CPU.ActiveCfg = Release|Any CPU
		{2AAFDFBA-9AA0-4AFF-8377-C17999F90378}.Release|Any CPU.Build.0 = Release|Any CPU
		{A189810C-BD5D-491D-AD6B-636D4CE4A16C}.Debug|Any CPU.ActiveCfg = Debug|Any CPU
		{A189810C-BD5D-491D-AD6B-636D4CE4A16C}.Debug|Any CPU.Build.0 = Debug|Any CPU
		{A189810C-BD5D-491D-AD6B-636D4CE4A16C}.Release|Any CPU.ActiveCfg = Release|Any CPU
		{A189810C-BD5D-491D-AD6B-636D4CE4A16C}.Release|Any CPU.Build.0 = Release|Any CPU
		{93AF3BC3-46BC-4E30-B97E-14FF6C063920}.Debug|Any CPU.ActiveCfg = Debug|Any CPU
		{93AF3BC3-46BC-4E30-B97E-14FF6C063920}.Debug|Any CPU.Build.0 = Debug|Any CPU
		{93AF3BC3-46BC-4E30-B97E-14FF6C063920}.Release|Any CPU.ActiveCfg = Release|Any CPU
		{93AF3BC3-46BC-4E30-B97E-14FF6C063920}.Release|Any CPU.Build.0 = Release|Any CPU
		{64F828ED-F347-479B-9BD7-C426A8C1DB10}.Debug|Any CPU.ActiveCfg = Debug|Any CPU
		{64F828ED-F347-479B-9BD7-C426A8C1DB10}.Debug|Any CPU.Build.0 = Debug|Any CPU
		{64F828ED-F347-479B-9BD7-C426A8C1DB10}.Release|Any CPU.ActiveCfg = Release|Any CPU
		{64F828ED-F347-479B-9BD7-C426A8C1DB10}.Release|Any CPU.Build.0 = Release|Any CPU
		{21F7F362-FF57-499C-A712-606AD7AA0CA7}.Debug|Any CPU.ActiveCfg = Debug|Any CPU
		{21F7F362-FF57-499C-A712-606AD7AA0CA7}.Debug|Any CPU.Build.0 = Debug|Any CPU
		{21F7F362-FF57-499C-A712-606AD7AA0CA7}.Release|Any CPU.ActiveCfg = Release|Any CPU
		{21F7F362-FF57-499C-A712-606AD7AA0CA7}.Release|Any CPU.Build.0 = Release|Any CPU
	EndGlobalSection
	GlobalSection(SolutionProperties) = preSolution
		HideSolutionNode = FALSE
	EndGlobalSection
	GlobalSection(ExtensibilityGlobals) = postSolution
		SolutionGuid = {47C53E4C-240D-4DC9-9627-4668DEDAF4E3}
	EndGlobalSection
EndGlobal
